
Microsoft Visual Studio Solution File, Format Version 12.00
# Visual Studio 15
VisualStudioVersion = 15.0.27703.2047
MinimumVisualStudioVersion = 10.0.40219.1
Project("{8BC9CEB8-8B4A-11D0-8D11-00A0C91BC942}") = "PTA Practice Test", "PTA Practice\PTA Practice.vcxproj", "{96CE7798-DB0F-4974-898A-2BBDE9CE0AD1}"
EndProject
Project("{2150E333-8FDC-42A3-9474-1A3956D46DE8}") = "PTA Practice Code", "PTA Practice Code", "{1322D02D-D51C-4D7B-A997-B55384C4F7B8}"
EndProject
Project("{2150E333-8FDC-42A3-9474-1A3956D46DE8}") = "数据结构与算法题目集（中文）", "数据结构与算法题目集（中文）", "{BC224F6B-507F-4F1A-9020-3BA8971A977C}"
	ProjectSection(SolutionItems) = preProject
		数据结构与算法题目集（中文）\1.py = 数据结构与算法题目集（中文）\1.py
		数据结构与算法题目集（中文）\6-1 单链表逆转.c = 数据结构与算法题目集（中文）\6-1 单链表逆转.c
		数据结构与算法题目集（中文）\6-11 先序输出叶结点.c = 数据结构与算法题目集（中文）\6-11 先序输出叶结点.c
		数据结构与算法题目集（中文）\6-12 二叉搜索树的操作集.c = 数据结构与算法题目集（中文）\6-12 二叉搜索树的操作集.c
		数据结构与算法题目集（中文）\6-2 顺序表操作集.c = 数据结构与算法题目集（中文）\6-2 顺序表操作集.c
		数据结构与算法题目集（中文）\6-3 求链式表的表长.c = 数据结构与算法题目集（中文）\6-3 求链式表的表长.c
		数据结构与算法题目集（中文）\6-4 链式表的按序号查找.c = 数据结构与算法题目集（中文）\6-4 链式表的按序号查找.c
		数据结构与算法题目集（中文）\6-5 链式表操作集.c = 数据结构与算法题目集（中文）\6-5 链式表操作集.c
		数据结构与算法题目集（中文）\6-6带头结点的链式表操作集.c = 数据结构与算法题目集（中文）\6-6带头结点的链式表操作集.c
		数据结构与算法题目集（中文）\6-7 在一个数组中实现两个堆栈.c = 数据结构与算法题目集（中文）\6-7 在一个数组中实现两个堆栈.c
		数据结构与算法题目集（中文）\6-8 求二叉树高度.c = 数据结构与算法题目集（中文）\6-8 求二叉树高度.c
		数据结构与算法题目集（中文）\6-9 二叉树的遍历.c = 数据结构与算法题目集（中文）\6-9 二叉树的遍历.c
		数据结构与算法题目集（中文）\7-1 最大子列和问题.cpp = 数据结构与算法题目集（中文）\7-1 最大子列和问题.cpp
		数据结构与算法题目集（中文）\7-2 一元多项式的乘法与加法运算.cpp = 数据结构与算法题目集（中文）\7-2 一元多项式的乘法与加法运算.cpp
	EndProjectSection
EndProject
Project("{2150E333-8FDC-42A3-9474-1A3956D46DE8}") = "PTA basic level practice", "PTA basic level practice", "{5845B1B7-2A48-401B-AD29-CEA949D4B0D4}"
	ProjectSection(SolutionItems) = preProject
		PTA basic level practice\1001.c = PTA basic level practice\1001.c
		PTA basic level practice\1002.c = PTA basic level practice\1002.c
		1003 我要通过！.cpp = 1003 我要通过！.cpp
	EndProjectSection
EndProject
Global
	GlobalSection(SolutionConfigurationPlatforms) = preSolution
		Debug|x64 = Debug|x64
		Debug|x86 = Debug|x86
		Release|x64 = Release|x64
		Release|x86 = Release|x86
	EndGlobalSection
	GlobalSection(ProjectConfigurationPlatforms) = postSolution
		{96CE7798-DB0F-4974-898A-2BBDE9CE0AD1}.Debug|x64.ActiveCfg = Debug|x64
		{96CE7798-DB0F-4974-898A-2BBDE9CE0AD1}.Debug|x64.Build.0 = Debug|x64
		{96CE7798-DB0F-4974-898A-2BBDE9CE0AD1}.Debug|x86.ActiveCfg = Debug|Win32
		{96CE7798-DB0F-4974-898A-2BBDE9CE0AD1}.Debug|x86.Build.0 = Debug|Win32
		{96CE7798-DB0F-4974-898A-2BBDE9CE0AD1}.Release|x64.ActiveCfg = Release|x64
		{96CE7798-DB0F-4974-898A-2BBDE9CE0AD1}.Release|x64.Build.0 = Release|x64
		{96CE7798-DB0F-4974-898A-2BBDE9CE0AD1}.Release|x86.ActiveCfg = Release|Win32
		{96CE7798-DB0F-4974-898A-2BBDE9CE0AD1}.Release|x86.Build.0 = Release|Win32
	EndGlobalSection
	GlobalSection(SolutionProperties) = preSolution
		HideSolutionNode = FALSE
	EndGlobalSection
	GlobalSection(NestedProjects) = preSolution
		{BC224F6B-507F-4F1A-9020-3BA8971A977C} = {1322D02D-D51C-4D7B-A997-B55384C4F7B8}
		{5845B1B7-2A48-401B-AD29-CEA949D4B0D4} = {1322D02D-D51C-4D7B-A997-B55384C4F7B8}
	EndGlobalSection
	GlobalSection(ExtensibilityGlobals) = postSolution
		SolutionGuid = {E189D367-8101-449E-82E5-0843748B159D}
	EndGlobalSection
EndGlobal
